
Microsoft Visual Studio Solution File, Format Version 12.00
# Visual Studio 15
VisualStudioVersion = 15.0.27130.2020
MinimumVisualStudioVersion = 10.0.40219.1
Project("{888888A0-9F3D-457C-B088-3A5042F75D52}") = "5523_decision_trees-master", "5523_decision_trees-master.pyproj", "{C2DBAA15-220C-40A8-81E3-D3DA7CF1F132}"
EndProject
Global
	GlobalSection(SolutionConfigurationPlatforms) = preSolution
		Debug|Any CPU = Debug|Any CPU
		Release|Any CPU = Release|Any CPU
	EndGlobalSection
	GlobalSection(ProjectConfigurationPlatforms) = postSolution
		{C2DBAA15-220C-40A8-81E3-D3DA7CF1F132}.Debug|Any CPU.ActiveCfg = Debug|Any CPU
		{C2DBAA15-220C-40A8-81E3-D3DA7CF1F132}.Release|Any CPU.ActiveCfg = Release|Any CPU
	EndGlobalSection
	GlobalSection(SolutionProperties) = preSolution
		HideSolutionNode = FALSE
	EndGlobalSection
	GlobalSection(ExtensibilityGlobals) = postSolution
		SolutionGuid = {3ECEEECD-C07F-43BD-8136-D37F5BD5009A}
	EndGlobalSection
EndGlobal
